// !$*UTF8*$!
{
	archiveVersion = 1;
	classes = {
	};
	objectVersion = 51;
	objects = {

/* Begin PBXBuildFile section */
		5398265125913879729F296D /* libPods-NotesUITests.a in Frameworks */ = {isa = PBXBuildFile; fileRef = 46D57E8B5030F68EC7874CA8 /* libPods-NotesUITests.a */; };
		5C889BC856E40877556BA670 /* libPods-NotesTests.a in Frameworks */ = {isa = PBXBuildFile; fileRef = 407A26DC0C4D305029D7F6CF /* libPods-NotesTests.a */; };
		94126B97ACA7C4982B456AF5 /* libPods-Notes.a in Frameworks */ = {isa = PBXBuildFile; fileRef = ECC0EF831A90BB8BAA22F8A8 /* libPods-Notes.a */; };
		E0476B7222D24A59005192A0 /* LaunchScreen.storyboard in Resources */ = {isa = PBXBuildFile; fileRef = E0476B7122D24A59005192A0 /* LaunchScreen.storyboard */; };
		E0476B7422D27075005192A0 /* .gitignore in Resources */ = {isa = PBXBuildFile; fileRef = E0476B7322D27075005192A0 /* .gitignore */; };
		E0476B7622D27B63005192A0 /* ConfigInfo.txt. in Resources */ = {isa = PBXBuildFile; fileRef = E0476B7522D27B63005192A0 /* ConfigInfo.txt. */; };
		E0A28A1322C905DD00E1A250 /* AppDelegate.swift in Sources */ = {isa = PBXBuildFile; fileRef = E0A28A1222C905DD00E1A250 /* AppDelegate.swift */; };
		E0A28A1522C905DD00E1A250 /* ViewController.swift in Sources */ = {isa = PBXBuildFile; fileRef = E0A28A1422C905DD00E1A250 /* ViewController.swift */; };
		E0A28A1822C905DD00E1A250 /* Main.storyboard in Resources */ = {isa = PBXBuildFile; fileRef = E0A28A1622C905DD00E1A250 /* Main.storyboard */; };
		E0A28A1A22C905DF00E1A250 /* Assets.xcassets in Resources */ = {isa = PBXBuildFile; fileRef = E0A28A1922C905DF00E1A250 /* Assets.xcassets */; };
		E0A28A2822C905DF00E1A250 /* NotesTests.swift in Sources */ = {isa = PBXBuildFile; fileRef = E0A28A2722C905DF00E1A250 /* NotesTests.swift */; };
		E0A28A3322C905DF00E1A250 /* NotesUITests.swift in Sources */ = {isa = PBXBuildFile; fileRef = E0A28A3222C905DF00E1A250 /* NotesUITests.swift */; };
		E0A28A4722C90BE700E1A250 /* FileNotebook.swift in Sources */ = {isa = PBXBuildFile; fileRef = E0A28A4622C90BE700E1A250 /* FileNotebook.swift */; };
		E0A28A4922C90D5D00E1A250 /* Note.swift in Sources */ = {isa = PBXBuildFile; fileRef = E0A28A4422C9085500E1A250 /* Note.swift */; };
		E0A28A4D22C92EF900E1A250 /* NoteExtension.swift in Sources */ = {isa = PBXBuildFile; fileRef = E0A28A4C22C92EF900E1A250 /* NoteExtension.swift */; };
/* End PBXBuildFile section */

/* Begin PBXContainerItemProxy section */
		E0A28A2422C905DF00E1A250 /* PBXContainerItemProxy */ = {
			isa = PBXContainerItemProxy;
			containerPortal = E0A28A0722C905DD00E1A250 /* Project object */;
			proxyType = 1;
			remoteGlobalIDString = E0A28A0E22C905DD00E1A250;
			remoteInfo = Notes;
		};
		E0A28A2F22C905DF00E1A250 /* PBXContainerItemProxy */ = {
			isa = PBXContainerItemProxy;
			containerPortal = E0A28A0722C905DD00E1A250 /* Project object */;
			proxyType = 1;
			remoteGlobalIDString = E0A28A0E22C905DD00E1A250;
			remoteInfo = Notes;
		};
/* End PBXContainerItemProxy section */

/* Begin PBXFileReference section */
		0723496F820C2719BDE4108D /* Pods-Notes.debug.xcconfig */ = {isa = PBXFileReference; includeInIndex = 1; lastKnownFileType = text.xcconfig; name = "Pods-Notes.debug.xcconfig"; path = "Target Support Files/Pods-Notes/Pods-Notes.debug.xcconfig"; sourceTree = "<group>"; };
		25593DA751BBCF76015BF609 /* Pods-Notes.qa.xcconfig */ = {isa = PBXFileReference; includeInIndex = 1; lastKnownFileType = text.xcconfig; name = "Pods-Notes.qa.xcconfig"; path = "Target Support Files/Pods-Notes/Pods-Notes.qa.xcconfig"; sourceTree = "<group>"; };
		407A26DC0C4D305029D7F6CF /* libPods-NotesTests.a */ = {isa = PBXFileReference; explicitFileType = archive.ar; includeInIndex = 0; path = "libPods-NotesTests.a"; sourceTree = BUILT_PRODUCTS_DIR; };
		46D57E8B5030F68EC7874CA8 /* libPods-NotesUITests.a */ = {isa = PBXFileReference; explicitFileType = archive.ar; includeInIndex = 0; path = "libPods-NotesUITests.a"; sourceTree = BUILT_PRODUCTS_DIR; };
		4967BDF7D071D4446EDA0FA8 /* Pods-NotesTests.release.xcconfig */ = {isa = PBXFileReference; includeInIndex = 1; lastKnownFileType = text.xcconfig; name = "Pods-NotesTests.release.xcconfig"; path = "Target Support Files/Pods-NotesTests/Pods-NotesTests.release.xcconfig"; sourceTree = "<group>"; };
		6B6D0B6539324EAA8DE1D1CE /* Pods-NotesUITests.debug.xcconfig */ = {isa = PBXFileReference; includeInIndex = 1; lastKnownFileType = text.xcconfig; name = "Pods-NotesUITests.debug.xcconfig"; path = "Target Support Files/Pods-NotesUITests/Pods-NotesUITests.debug.xcconfig"; sourceTree = "<group>"; };
		8015437D89F9653B02DD8A99 /* Pods-NotesUITests.release.xcconfig */ = {isa = PBXFileReference; includeInIndex = 1; lastKnownFileType = text.xcconfig; name = "Pods-NotesUITests.release.xcconfig"; path = "Target Support Files/Pods-NotesUITests/Pods-NotesUITests.release.xcconfig"; sourceTree = "<group>"; };
		BFB8AD5501F854FDEB80D86C /* Pods-NotesTests.debug.xcconfig */ = {isa = PBXFileReference; includeInIndex = 1; lastKnownFileType = text.xcconfig; name = "Pods-NotesTests.debug.xcconfig"; path = "Target Support Files/Pods-NotesTests/Pods-NotesTests.debug.xcconfig"; sourceTree = "<group>"; };
		C4F3498E73F8C69499D45F93 /* Pods-NotesTests.qa.xcconfig */ = {isa = PBXFileReference; includeInIndex = 1; lastKnownFileType = text.xcconfig; name = "Pods-NotesTests.qa.xcconfig"; path = "Target Support Files/Pods-NotesTests/Pods-NotesTests.qa.xcconfig"; sourceTree = "<group>"; };
		DD0C403CC8B688A7002F6945 /* Pods-NotesUITests.qa.xcconfig */ = {isa = PBXFileReference; includeInIndex = 1; lastKnownFileType = text.xcconfig; name = "Pods-NotesUITests.qa.xcconfig"; path = "Target Support Files/Pods-NotesUITests/Pods-NotesUITests.qa.xcconfig"; sourceTree = "<group>"; };
		E0476B7122D24A59005192A0 /* LaunchScreen.storyboard */ = {isa = PBXFileReference; lastKnownFileType = file.storyboard; path = LaunchScreen.storyboard; sourceTree = "<group>"; };
		E0476B7322D27075005192A0 /* .gitignore */ = {isa = PBXFileReference; lastKnownFileType = text; path = .gitignore; sourceTree = "<group>"; };
		E0476B7522D27B63005192A0 /* ConfigInfo.txt. */ = {isa = PBXFileReference; lastKnownFileType = text; path = ConfigInfo.txt.; sourceTree = "<group>"; };
		E0A28A0F22C905DD00E1A250 /* Notes.app */ = {isa = PBXFileReference; explicitFileType = wrapper.application; includeInIndex = 0; path = Notes.app; sourceTree = BUILT_PRODUCTS_DIR; };
		E0A28A1222C905DD00E1A250 /* AppDelegate.swift */ = {isa = PBXFileReference; lastKnownFileType = sourcecode.swift; path = AppDelegate.swift; sourceTree = "<group>"; };
		E0A28A1422C905DD00E1A250 /* ViewController.swift */ = {isa = PBXFileReference; lastKnownFileType = sourcecode.swift; path = ViewController.swift; sourceTree = "<group>"; };
		E0A28A1722C905DD00E1A250 /* Base */ = {isa = PBXFileReference; lastKnownFileType = file.storyboard; name = Base; path = Base.lproj/Main.storyboard; sourceTree = "<group>"; };
		E0A28A1922C905DF00E1A250 /* Assets.xcassets */ = {isa = PBXFileReference; lastKnownFileType = folder.assetcatalog; path = Assets.xcassets; sourceTree = "<group>"; };
		E0A28A1E22C905DF00E1A250 /* Info.plist */ = {isa = PBXFileReference; lastKnownFileType = text.plist.xml; path = Info.plist; sourceTree = "<group>"; };
		E0A28A2322C905DF00E1A250 /* NotesTests.xctest */ = {isa = PBXFileReference; explicitFileType = wrapper.cfbundle; includeInIndex = 0; path = NotesTests.xctest; sourceTree = BUILT_PRODUCTS_DIR; };
		E0A28A2722C905DF00E1A250 /* NotesTests.swift */ = {isa = PBXFileReference; lastKnownFileType = sourcecode.swift; path = NotesTests.swift; sourceTree = "<group>"; };
		E0A28A2922C905DF00E1A250 /* Info.plist */ = {isa = PBXFileReference; lastKnownFileType = text.plist.xml; path = Info.plist; sourceTree = "<group>"; };
		E0A28A2E22C905DF00E1A250 /* NotesUITests.xctest */ = {isa = PBXFileReference; explicitFileType = wrapper.cfbundle; includeInIndex = 0; path = NotesUITests.xctest; sourceTree = BUILT_PRODUCTS_DIR; };
		E0A28A3222C905DF00E1A250 /* NotesUITests.swift */ = {isa = PBXFileReference; lastKnownFileType = sourcecode.swift; path = NotesUITests.swift; sourceTree = "<group>"; };
		E0A28A3422C905DF00E1A250 /* Info.plist */ = {isa = PBXFileReference; lastKnownFileType = text.plist.xml; path = Info.plist; sourceTree = "<group>"; };
		E0A28A4422C9085500E1A250 /* Note.swift */ = {isa = PBXFileReference; lastKnownFileType = sourcecode.swift; path = Note.swift; sourceTree = "<group>"; };
		E0A28A4622C90BE700E1A250 /* FileNotebook.swift */ = {isa = PBXFileReference; lastKnownFileType = sourcecode.swift; path = FileNotebook.swift; sourceTree = "<group>"; };
		E0A28A4C22C92EF900E1A250 /* NoteExtension.swift */ = {isa = PBXFileReference; lastKnownFileType = sourcecode.swift; path = NoteExtension.swift; sourceTree = "<group>"; };
		ECC0EF831A90BB8BAA22F8A8 /* libPods-Notes.a */ = {isa = PBXFileReference; explicitFileType = archive.ar; includeInIndex = 0; path = "libPods-Notes.a"; sourceTree = BUILT_PRODUCTS_DIR; };
		F2F2791C6A545A92AD64102C /* Pods-Notes.release.xcconfig */ = {isa = PBXFileReference; includeInIndex = 1; lastKnownFileType = text.xcconfig; name = "Pods-Notes.release.xcconfig"; path = "Target Support Files/Pods-Notes/Pods-Notes.release.xcconfig"; sourceTree = "<group>"; };
/* End PBXFileReference section */

/* Begin PBXFrameworksBuildPhase section */
		E0A28A0C22C905DD00E1A250 /* Frameworks */ = {
			isa = PBXFrameworksBuildPhase;
			buildActionMask = 2147483647;
			files = (
				94126B97ACA7C4982B456AF5 /* libPods-Notes.a in Frameworks */,
			);
			runOnlyForDeploymentPostprocessing = 0;
		};
		E0A28A2022C905DF00E1A250 /* Frameworks */ = {
			isa = PBXFrameworksBuildPhase;
			buildActionMask = 2147483647;
			files = (
				5C889BC856E40877556BA670 /* libPods-NotesTests.a in Frameworks */,
			);
			runOnlyForDeploymentPostprocessing = 0;
		};
		E0A28A2B22C905DF00E1A250 /* Frameworks */ = {
			isa = PBXFrameworksBuildPhase;
			buildActionMask = 2147483647;
			files = (
				5398265125913879729F296D /* libPods-NotesUITests.a in Frameworks */,
			);
			runOnlyForDeploymentPostprocessing = 0;
		};
/* End PBXFrameworksBuildPhase section */

/* Begin PBXGroup section */
		3F96CA2E6E7180444AC7C2CA /* Frameworks */ = {
			isa = PBXGroup;
			children = (
				ECC0EF831A90BB8BAA22F8A8 /* libPods-Notes.a */,
				407A26DC0C4D305029D7F6CF /* libPods-NotesTests.a */,
				46D57E8B5030F68EC7874CA8 /* libPods-NotesUITests.a */,
			);
			name = Frameworks;
			sourceTree = "<group>";
		};
		C7E30F3E0FC1B1B7D7B3F0F1 /* Pods */ = {
			isa = PBXGroup;
			children = (
				0723496F820C2719BDE4108D /* Pods-Notes.debug.xcconfig */,
				F2F2791C6A545A92AD64102C /* Pods-Notes.release.xcconfig */,
				25593DA751BBCF76015BF609 /* Pods-Notes.qa.xcconfig */,
				BFB8AD5501F854FDEB80D86C /* Pods-NotesTests.debug.xcconfig */,
				4967BDF7D071D4446EDA0FA8 /* Pods-NotesTests.release.xcconfig */,
				C4F3498E73F8C69499D45F93 /* Pods-NotesTests.qa.xcconfig */,
				6B6D0B6539324EAA8DE1D1CE /* Pods-NotesUITests.debug.xcconfig */,
				8015437D89F9653B02DD8A99 /* Pods-NotesUITests.release.xcconfig */,
				DD0C403CC8B688A7002F6945 /* Pods-NotesUITests.qa.xcconfig */,
			);
			name = Pods;
			path = Pods;
			sourceTree = "<group>";
		};
		E0A28A0622C905DD00E1A250 = {
			isa = PBXGroup;
			children = (
				E0476B7522D27B63005192A0 /* ConfigInfo.txt. */,
				E0476B7322D27075005192A0 /* .gitignore */,
				E0A28A1122C905DD00E1A250 /* Notes */,
				E0A28A2622C905DF00E1A250 /* NotesTests */,
				E0A28A3122C905DF00E1A250 /* NotesUITests */,
				E0A28A1022C905DD00E1A250 /* Products */,
				C7E30F3E0FC1B1B7D7B3F0F1 /* Pods */,
				3F96CA2E6E7180444AC7C2CA /* Frameworks */,
			);
			sourceTree = "<group>";
		};
		E0A28A1022C905DD00E1A250 /* Products */ = {
			isa = PBXGroup;
			children = (
				E0A28A0F22C905DD00E1A250 /* Notes.app */,
				E0A28A2322C905DF00E1A250 /* NotesTests.xctest */,
				E0A28A2E22C905DF00E1A250 /* NotesUITests.xctest */,
			);
			name = Products;
			sourceTree = "<group>";
		};
		E0A28A1122C905DD00E1A250 /* Notes */ = {
			isa = PBXGroup;
			children = (
				E0A28A4122C9080000E1A250 /* Model */,
				E0A28A1222C905DD00E1A250 /* AppDelegate.swift */,
				E0A28A1422C905DD00E1A250 /* ViewController.swift */,
				E0A28A1622C905DD00E1A250 /* Main.storyboard */,
				E0A28A1922C905DF00E1A250 /* Assets.xcassets */,
				E0A28A1E22C905DF00E1A250 /* Info.plist */,
				E0476B7122D24A59005192A0 /* LaunchScreen.storyboard */,
			);
			path = Notes;
			sourceTree = "<group>";
		};
		E0A28A2622C905DF00E1A250 /* NotesTests */ = {
			isa = PBXGroup;
			children = (
				E0A28A2722C905DF00E1A250 /* NotesTests.swift */,
				E0A28A2922C905DF00E1A250 /* Info.plist */,
			);
			path = NotesTests;
			sourceTree = "<group>";
		};
		E0A28A3122C905DF00E1A250 /* NotesUITests */ = {
			isa = PBXGroup;
			children = (
				E0A28A3222C905DF00E1A250 /* NotesUITests.swift */,
				E0A28A3422C905DF00E1A250 /* Info.plist */,
			);
			path = NotesUITests;
			sourceTree = "<group>";
		};
		E0A28A4122C9080000E1A250 /* Model */ = {
			isa = PBXGroup;
			children = (
				E0A28A4622C90BE700E1A250 /* FileNotebook.swift */,
				E0A28A4C22C92EF900E1A250 /* NoteExtension.swift */,
				E0A28A4422C9085500E1A250 /* Note.swift */,
			);
			path = Model;
			sourceTree = "<group>";
		};
/* End PBXGroup section */

/* Begin PBXNativeTarget section */
		E0A28A0E22C905DD00E1A250 /* Notes */ = {
			isa = PBXNativeTarget;
			buildConfigurationList = E0A28A3722C905DF00E1A250 /* Build configuration list for PBXNativeTarget "Notes" */;
			buildPhases = (
				2A0E61B89803586302CBAF77 /* [CP] Check Pods Manifest.lock */,
				E0A28A0B22C905DD00E1A250 /* Sources */,
				E0A28A0C22C905DD00E1A250 /* Frameworks */,
				E0A28A0D22C905DD00E1A250 /* Resources */,
			);
			buildRules = (
			);
			dependencies = (
			);
			name = Notes;
			productName = Notes;
			productReference = E0A28A0F22C905DD00E1A250 /* Notes.app */;
			productType = "com.apple.product-type.application";
		};
		E0A28A2222C905DF00E1A250 /* NotesTests */ = {
			isa = PBXNativeTarget;
			buildConfigurationList = E0A28A3A22C905DF00E1A250 /* Build configuration list for PBXNativeTarget "NotesTests" */;
			buildPhases = (
				A8533BFC464ADB6CB2BCF67B /* [CP] Check Pods Manifest.lock */,
				E0A28A1F22C905DF00E1A250 /* Sources */,
				E0A28A2022C905DF00E1A250 /* Frameworks */,
				E0A28A2122C905DF00E1A250 /* Resources */,
			);
			buildRules = (
			);
			dependencies = (
				E0A28A2522C905DF00E1A250 /* PBXTargetDependency */,
			);
			name = NotesTests;
			productName = NotesTests;
			productReference = E0A28A2322C905DF00E1A250 /* NotesTests.xctest */;
			productType = "com.apple.product-type.bundle.unit-test";
		};
		E0A28A2D22C905DF00E1A250 /* NotesUITests */ = {
			isa = PBXNativeTarget;
			buildConfigurationList = E0A28A3D22C905DF00E1A250 /* Build configuration list for PBXNativeTarget "NotesUITests" */;
			buildPhases = (
				181615A7BA417698A560F3D8 /* [CP] Check Pods Manifest.lock */,
				E0A28A2A22C905DF00E1A250 /* Sources */,
				E0A28A2B22C905DF00E1A250 /* Frameworks */,
				E0A28A2C22C905DF00E1A250 /* Resources */,
			);
			buildRules = (
			);
			dependencies = (
				E0A28A3022C905DF00E1A250 /* PBXTargetDependency */,
			);
			name = NotesUITests;
			productName = NotesUITests;
			productReference = E0A28A2E22C905DF00E1A250 /* NotesUITests.xctest */;
			productType = "com.apple.product-type.bundle.ui-testing";
		};
/* End PBXNativeTarget section */

/* Begin PBXProject section */
		E0A28A0722C905DD00E1A250 /* Project object */ = {
			isa = PBXProject;
			attributes = {
				LastSwiftUpdateCheck = 1020;
				LastUpgradeCheck = 1020;
				ORGANIZATIONNAME = bagrusss;
				TargetAttributes = {
					E0A28A0E22C905DD00E1A250 = {
						CreatedOnToolsVersion = 10.2.1;
					};
					E0A28A2222C905DF00E1A250 = {
						CreatedOnToolsVersion = 10.2.1;
						TestTargetID = E0A28A0E22C905DD00E1A250;
					};
					E0A28A2D22C905DF00E1A250 = {
						CreatedOnToolsVersion = 10.2.1;
						TestTargetID = E0A28A0E22C905DD00E1A250;
					};
				};
			};
			buildConfigurationList = E0A28A0A22C905DD00E1A250 /* Build configuration list for PBXProject "Notes" */;
			compatibilityVersion = "Xcode 10.0";
			developmentRegion = en;
			hasScannedForEncodings = 0;
			knownRegions = (
				en,
				Base,
			);
			mainGroup = E0A28A0622C905DD00E1A250;
			productRefGroup = E0A28A1022C905DD00E1A250 /* Products */;
			projectDirPath = "";
			projectRoot = "";
			targets = (
				E0A28A0E22C905DD00E1A250 /* Notes */,
				E0A28A2222C905DF00E1A250 /* NotesTests */,
				E0A28A2D22C905DF00E1A250 /* NotesUITests */,
			);
		};
/* End PBXProject section */

/* Begin PBXResourcesBuildPhase section */
		E0A28A0D22C905DD00E1A250 /* Resources */ = {
			isa = PBXResourcesBuildPhase;
			buildActionMask = 2147483647;
			files = (
				E0476B7622D27B63005192A0 /* ConfigInfo.txt. in Resources */,
				E0476B7422D27075005192A0 /* .gitignore in Resources */,
				E0A28A1A22C905DF00E1A250 /* Assets.xcassets in Resources */,
				E0476B7222D24A59005192A0 /* LaunchScreen.storyboard in Resources */,
				E0A28A1822C905DD00E1A250 /* Main.storyboard in Resources */,
			);
			runOnlyForDeploymentPostprocessing = 0;
		};
		E0A28A2122C905DF00E1A250 /* Resources */ = {
			isa = PBXResourcesBuildPhase;
			buildActionMask = 2147483647;
			files = (
			);
			runOnlyForDeploymentPostprocessing = 0;
		};
		E0A28A2C22C905DF00E1A250 /* Resources */ = {
			isa = PBXResourcesBuildPhase;
			buildActionMask = 2147483647;
			files = (
			);
			runOnlyForDeploymentPostprocessing = 0;
		};
/* End PBXResourcesBuildPhase section */

/* Begin PBXShellScriptBuildPhase section */
		181615A7BA417698A560F3D8 /* [CP] Check Pods Manifest.lock */ = {
			isa = PBXShellScriptBuildPhase;
			buildActionMask = 2147483647;
			files = (
			);
			inputFileListPaths = (
			);
			inputPaths = (
				"${PODS_PODFILE_DIR_PATH}/Podfile.lock",
				"${PODS_ROOT}/Manifest.lock",
			);
			name = "[CP] Check Pods Manifest.lock";
			outputFileListPaths = (
			);
			outputPaths = (
				"$(DERIVED_FILE_DIR)/Pods-NotesUITests-checkManifestLockResult.txt",
			);
			runOnlyForDeploymentPostprocessing = 0;
			shellPath = /bin/sh;
			shellScript = "diff \"${PODS_PODFILE_DIR_PATH}/Podfile.lock\" \"${PODS_ROOT}/Manifest.lock\" > /dev/null\nif [ $? != 0 ] ; then\n    # print error to STDERR\n    echo \"error: The sandbox is not in sync with the Podfile.lock. Run 'pod install' or update your CocoaPods installation.\" >&2\n    exit 1\nfi\n# This output is used by Xcode 'outputs' to avoid re-running this script phase.\necho \"SUCCESS\" > \"${SCRIPT_OUTPUT_FILE_0}\"\n";
			showEnvVarsInLog = 0;
		};
		2A0E61B89803586302CBAF77 /* [CP] Check Pods Manifest.lock */ = {
			isa = PBXShellScriptBuildPhase;
			buildActionMask = 2147483647;
			files = (
			);
			inputFileListPaths = (
			);
			inputPaths = (
				"${PODS_PODFILE_DIR_PATH}/Podfile.lock",
				"${PODS_ROOT}/Manifest.lock",
			);
			name = "[CP] Check Pods Manifest.lock";
			outputFileListPaths = (
			);
			outputPaths = (
				"$(DERIVED_FILE_DIR)/Pods-Notes-checkManifestLockResult.txt",
			);
			runOnlyForDeploymentPostprocessing = 0;
			shellPath = /bin/sh;
			shellScript = "diff \"${PODS_PODFILE_DIR_PATH}/Podfile.lock\" \"${PODS_ROOT}/Manifest.lock\" > /dev/null\nif [ $? != 0 ] ; then\n    # print error to STDERR\n    echo \"error: The sandbox is not in sync with the Podfile.lock. Run 'pod install' or update your CocoaPods installation.\" >&2\n    exit 1\nfi\n# This output is used by Xcode 'outputs' to avoid re-running this script phase.\necho \"SUCCESS\" > \"${SCRIPT_OUTPUT_FILE_0}\"\n";
			showEnvVarsInLog = 0;
		};
		A8533BFC464ADB6CB2BCF67B /* [CP] Check Pods Manifest.lock */ = {
			isa = PBXShellScriptBuildPhase;
			buildActionMask = 2147483647;
			files = (
			);
			inputFileListPaths = (
			);
			inputPaths = (
				"${PODS_PODFILE_DIR_PATH}/Podfile.lock",
				"${PODS_ROOT}/Manifest.lock",
			);
			name = "[CP] Check Pods Manifest.lock";
			outputFileListPaths = (
			);
			outputPaths = (
				"$(DERIVED_FILE_DIR)/Pods-NotesTests-checkManifestLockResult.txt",
			);
			runOnlyForDeploymentPostprocessing = 0;
			shellPath = /bin/sh;
			shellScript = "diff \"${PODS_PODFILE_DIR_PATH}/Podfile.lock\" \"${PODS_ROOT}/Manifest.lock\" > /dev/null\nif [ $? != 0 ] ; then\n    # print error to STDERR\n    echo \"error: The sandbox is not in sync with the Podfile.lock. Run 'pod install' or update your CocoaPods installation.\" >&2\n    exit 1\nfi\n# This output is used by Xcode 'outputs' to avoid re-running this script phase.\necho \"SUCCESS\" > \"${SCRIPT_OUTPUT_FILE_0}\"\n";
			showEnvVarsInLog = 0;
		};
/* End PBXShellScriptBuildPhase section */

/* Begin PBXSourcesBuildPhase section */
		E0A28A0B22C905DD00E1A250 /* Sources */ = {
			isa = PBXSourcesBuildPhase;
			buildActionMask = 2147483647;
			files = (
				E0A28A4D22C92EF900E1A250 /* NoteExtension.swift in Sources */,
				E0A28A4722C90BE700E1A250 /* FileNotebook.swift in Sources */,
				E0A28A1522C905DD00E1A250 /* ViewController.swift in Sources */,
				E0A28A1322C905DD00E1A250 /* AppDelegate.swift in Sources */,
				E0A28A4922C90D5D00E1A250 /* Note.swift in Sources */,
			);
			runOnlyForDeploymentPostprocessing = 0;
		};
		E0A28A1F22C905DF00E1A250 /* Sources */ = {
			isa = PBXSourcesBuildPhase;
			buildActionMask = 2147483647;
			files = (
				E0A28A2822C905DF00E1A250 /* NotesTests.swift in Sources */,
			);
			runOnlyForDeploymentPostprocessing = 0;
		};
		E0A28A2A22C905DF00E1A250 /* Sources */ = {
			isa = PBXSourcesBuildPhase;
			buildActionMask = 2147483647;
			files = (
				E0A28A3322C905DF00E1A250 /* NotesUITests.swift in Sources */,
			);
			runOnlyForDeploymentPostprocessing = 0;
		};
/* End PBXSourcesBuildPhase section */

/* Begin PBXTargetDependency section */
		E0A28A2522C905DF00E1A250 /* PBXTargetDependency */ = {
			isa = PBXTargetDependency;
			target = E0A28A0E22C905DD00E1A250 /* Notes */;
			targetProxy = E0A28A2422C905DF00E1A250 /* PBXContainerItemProxy */;
		};
		E0A28A3022C905DF00E1A250 /* PBXTargetDependency */ = {
			isa = PBXTargetDependency;
			target = E0A28A0E22C905DD00E1A250 /* Notes */;
			targetProxy = E0A28A2F22C905DF00E1A250 /* PBXContainerItemProxy */;
		};
/* End PBXTargetDependency section */

/* Begin PBXVariantGroup section */
		E0A28A1622C905DD00E1A250 /* Main.storyboard */ = {
			isa = PBXVariantGroup;
			children = (
				E0A28A1722C905DD00E1A250 /* Base */,
			);
			name = Main.storyboard;
			sourceTree = "<group>";
		};
/* End PBXVariantGroup section */

/* Begin XCBuildConfiguration section */
		E0476B7B22D2851A005192A0 /* QA */ = {
			isa = XCBuildConfiguration;
			buildSettings = {
				ALWAYS_SEARCH_USER_PATHS = NO;
				CLANG_ANALYZER_NONNULL = YES;
				CLANG_ANALYZER_NUMBER_OBJECT_CONVERSION = YES_AGGRESSIVE;
				CLANG_CXX_LANGUAGE_STANDARD = "gnu++14";
				CLANG_CXX_LIBRARY = "libc++";
				CLANG_ENABLE_MODULES = YES;
				CLANG_ENABLE_OBJC_ARC = YES;
				CLANG_ENABLE_OBJC_WEAK = YES;
				CLANG_WARN_BLOCK_CAPTURE_AUTORELEASING = YES;
				CLANG_WARN_BOOL_CONVERSION = YES;
				CLANG_WARN_COMMA = YES;
				CLANG_WARN_CONSTANT_CONVERSION = YES;
				CLANG_WARN_DEPRECATED_OBJC_IMPLEMENTATIONS = YES;
				CLANG_WARN_DIRECT_OBJC_ISA_USAGE = YES_ERROR;
				CLANG_WARN_DOCUMENTATION_COMMENTS = YES;
				CLANG_WARN_EMPTY_BODY = YES;
				CLANG_WARN_ENUM_CONVERSION = YES;
				CLANG_WARN_INFINITE_RECURSION = YES;
				CLANG_WARN_INT_CONVERSION = YES;
				CLANG_WARN_NON_LITERAL_NULL_CONVERSION = YES;
				CLANG_WARN_OBJC_IMPLICIT_RETAIN_SELF = YES;
				CLANG_WARN_OBJC_LITERAL_CONVERSION = YES;
				CLANG_WARN_OBJC_ROOT_CLASS = YES_ERROR;
				CLANG_WARN_RANGE_LOOP_ANALYSIS = YES;
				CLANG_WARN_STRICT_PROTOTYPES = YES;
				CLANG_WARN_SUSPICIOUS_MOVE = YES;
				CLANG_WARN_UNGUARDED_AVAILABILITY = YES_AGGRESSIVE;
				CLANG_WARN_UNREACHABLE_CODE = YES;
				CLANG_WARN__DUPLICATE_METHOD_MATCH = YES;
				CODE_SIGN_IDENTITY = "iPhone Developer";
				COPY_PHASE_STRIP = NO;
				DEBUG_INFORMATION_FORMAT = "dwarf-with-dsym";
				ENABLE_NS_ASSERTIONS = NO;
				ENABLE_STRICT_OBJC_MSGSEND = YES;
				ENABLE_TESTABILITY = YES;
				GCC_C_LANGUAGE_STANDARD = gnu11;
				GCC_NO_COMMON_BLOCKS = YES;
				GCC_WARN_64_TO_32_BIT_CONVERSION = YES;
				GCC_WARN_ABOUT_RETURN_TYPE = YES_ERROR;
				GCC_WARN_UNDECLARED_SELECTOR = YES;
				GCC_WARN_UNINITIALIZED_AUTOS = YES_AGGRESSIVE;
				GCC_WARN_UNUSED_FUNCTION = YES;
				GCC_WARN_UNUSED_VARIABLE = YES;
				GENERATE_TEXT_BASED_STUBS = YES;
				INLINE_PRIVATE_FRAMEWORKS = YES;
				IPHONEOS_DEPLOYMENT_TARGET = 12.2;
				MTL_ENABLE_DEBUG_INFO = NO;
				MTL_FAST_MATH = YES;
				ONLY_ACTIVE_ARCH = NO;
				SDKROOT = iphoneos;
				SWIFT_ACTIVE_COMPILATION_CONDITIONS = DEBUG;
				SWIFT_COMPILATION_MODE = wholemodule;
				SWIFT_OPTIMIZATION_LEVEL = "-O";
				VALIDATE_PRODUCT = YES;
			};
			name = QA;
		};
		E0476B7C22D2851A005192A0 /* QA */ = {
			isa = XCBuildConfiguration;
			baseConfigurationReference = 25593DA751BBCF76015BF609 /* Pods-Notes.qa.xcconfig */;
			buildSettings = {
				ASSETCATALOG_COMPILER_APPICON_NAME = AppIcon;
				CODE_SIGN_IDENTITY = "iPhone Developer";
				CODE_SIGN_STYLE = Automatic;
				DEVELOPMENT_TEAM = 937CFWU8SC;
				INFOPLIST_FILE = Notes/Info.plist;
				LD_RUNPATH_SEARCH_PATHS = (
					"$(inherited)",
					"@executable_path/Frameworks",
				);
				PRODUCT_BUNDLE_IDENTIFIER = ru.bagrusss.Notes;
				PRODUCT_NAME = "$(TARGET_NAME)";
				PROVISIONING_PROFILE_SPECIFIER = "";
				SWIFT_VERSION = 5.0;
				TARGETED_DEVICE_FAMILY = 1;
			};
			name = QA;
		};
		E0476B7D22D2851A005192A0 /* QA */ = {
			isa = XCBuildConfiguration;
			baseConfigurationReference = C4F3498E73F8C69499D45F93 /* Pods-NotesTests.qa.xcconfig */;
			buildSettings = {
				ALWAYS_EMBED_SWIFT_STANDARD_LIBRARIES = YES;
				BUNDLE_LOADER = "$(TEST_HOST)";
				CODE_SIGN_STYLE = Automatic;
				INFOPLIST_FILE = NotesTests/Info.plist;
				LD_RUNPATH_SEARCH_PATHS = (
					"$(inherited)",
					"@executable_path/Frameworks",
					"@loader_path/Frameworks",
				);
				PRODUCT_BUNDLE_IDENTIFIER = ru.bagrusss.NotesTests;
				PRODUCT_NAME = "$(TARGET_NAME)";
				SWIFT_VERSION = 5.0;
				TARGETED_DEVICE_FAMILY = "1,2";
				TEST_HOST = "$(BUILT_PRODUCTS_DIR)/Notes.app/Notes";
			};
			name = QA;
		};
		E0476B7E22D2851A005192A0 /* QA */ = {
			isa = XCBuildConfiguration;
			baseConfigurationReference = DD0C403CC8B688A7002F6945 /* Pods-NotesUITests.qa.xcconfig */;
			buildSettings = {
				ALWAYS_EMBED_SWIFT_STANDARD_LIBRARIES = YES;
				CODE_SIGN_STYLE = Automatic;
				INFOPLIST_FILE = NotesUITests/Info.plist;
				LD_RUNPATH_SEARCH_PATHS = (
					"$(inherited)",
					"@executable_path/Frameworks",
					"@loader_path/Frameworks",
				);
				PRODUCT_BUNDLE_IDENTIFIER = ru.bagrusss.NotesUITests;
				PRODUCT_NAME = "$(TARGET_NAME)";
				SWIFT_VERSION = 5.0;
				TARGETED_DEVICE_FAMILY = "1,2";
				TEST_TARGET_NAME = Notes;
			};
			name = QA;
		};
		E0A28A3522C905DF00E1A250 /* Debug */ = {
			isa = XCBuildConfiguration;
			buildSettings = {
				ALWAYS_SEARCH_USER_PATHS = NO;
				CLANG_ANALYZER_NONNULL = YES;
				CLANG_ANALYZER_NUMBER_OBJECT_CONVERSION = YES_AGGRESSIVE;
				CLANG_CXX_LANGUAGE_STANDARD = "gnu++14";
				CLANG_CXX_LIBRARY = "libc++";
				CLANG_ENABLE_MODULES = YES;
				CLANG_ENABLE_OBJC_ARC = YES;
				CLANG_ENABLE_OBJC_WEAK = YES;
				CLANG_WARN_BLOCK_CAPTURE_AUTORELEASING = YES;
				CLANG_WARN_BOOL_CONVERSION = YES;
				CLANG_WARN_COMMA = YES;
				CLANG_WARN_CONSTANT_CONVERSION = YES;
				CLANG_WARN_DEPRECATED_OBJC_IMPLEMENTATIONS = YES;
				CLANG_WARN_DIRECT_OBJC_ISA_USAGE = YES_ERROR;
				CLANG_WARN_DOCUMENTATION_COMMENTS = YES;
				CLANG_WARN_EMPTY_BODY = YES;
				CLANG_WARN_ENUM_CONVERSION = YES;
				CLANG_WARN_INFINITE_RECURSION = YES;
				CLANG_WARN_INT_CONVERSION = YES;
				CLANG_WARN_NON_LITERAL_NULL_CONVERSION = YES;
				CLANG_WARN_OBJC_IMPLICIT_RETAIN_SELF = YES;
				CLANG_WARN_OBJC_LITERAL_CONVERSION = YES;
				CLANG_WARN_OBJC_ROOT_CLASS = YES_ERROR;
				CLANG_WARN_RANGE_LOOP_ANALYSIS = YES;
				CLANG_WARN_STRICT_PROTOTYPES = YES;
				CLANG_WARN_SUSPICIOUS_MOVE = YES;
				CLANG_WARN_UNGUARDED_AVAILABILITY = YES_AGGRESSIVE;
				CLANG_WARN_UNREACHABLE_CODE = YES;
				CLANG_WARN__DUPLICATE_METHOD_MATCH = YES;
				CODE_SIGN_IDENTITY = "iPhone Developer";
				COPY_PHASE_STRIP = NO;
				DEBUG_INFORMATION_FORMAT = dwarf;
				ENABLE_STRICT_OBJC_MSGSEND = YES;
				ENABLE_TESTABILITY = YES;
				GCC_C_LANGUAGE_STANDARD = gnu11;
				GCC_DYNAMIC_NO_PIC = NO;
				GCC_NO_COMMON_BLOCKS = YES;
				GCC_OPTIMIZATION_LEVEL = 0;
				GCC_PREPROCESSOR_DEFINITIONS = (
					"DEBUG=1",
					"$(inherited)",
				);
				GCC_WARN_64_TO_32_BIT_CONVERSION = YES;
				GCC_WARN_ABOUT_RETURN_TYPE = YES_ERROR;
				GCC_WARN_UNDECLARED_SELECTOR = YES;
				GCC_WARN_UNINITIALIZED_AUTOS = YES_AGGRESSIVE;
				GCC_WARN_UNUSED_FUNCTION = YES;
				GCC_WARN_UNUSED_VARIABLE = YES;
				GENERATE_TEXT_BASED_STUBS = YES;
				INLINE_PRIVATE_FRAMEWORKS = YES;
				IPHONEOS_DEPLOYMENT_TARGET = 12.2;
				MTL_ENABLE_DEBUG_INFO = INCLUDE_SOURCE;
				MTL_FAST_MATH = YES;
				ONLY_ACTIVE_ARCH = YES;
				SDKROOT = iphoneos;
				SWIFT_ACTIVE_COMPILATION_CONDITIONS = DEBUG;
				SWIFT_OPTIMIZATION_LEVEL = "-Onone";
			};
			name = Debug;
		};
		E0A28A3622C905DF00E1A250 /* Release */ = {
			isa = XCBuildConfiguration;
			buildSettings = {
				ALWAYS_SEARCH_USER_PATHS = NO;
				CLANG_ANALYZER_NONNULL = YES;
				CLANG_ANALYZER_NUMBER_OBJECT_CONVERSION = YES_AGGRESSIVE;
				CLANG_CXX_LANGUAGE_STANDARD = "gnu++14";
				CLANG_CXX_LIBRARY = "libc++";
				CLANG_ENABLE_MODULES = YES;
				CLANG_ENABLE_OBJC_ARC = YES;
				CLANG_ENABLE_OBJC_WEAK = YES;
				CLANG_WARN_BLOCK_CAPTURE_AUTORELEASING = YES;
				CLANG_WARN_BOOL_CONVERSION = YES;
				CLANG_WARN_COMMA = YES;
				CLANG_WARN_CONSTANT_CONVERSION = YES;
				CLANG_WARN_DEPRECATED_OBJC_IMPLEMENTATIONS = YES;
				CLANG_WARN_DIRECT_OBJC_ISA_USAGE = YES_ERROR;
				CLANG_WARN_DOCUMENTATION_COMMENTS = YES;
				CLANG_WARN_EMPTY_BODY = YES;
				CLANG_WARN_ENUM_CONVERSION = YES;
				CLANG_WARN_INFINITE_RECURSION = YES;
				CLANG_WARN_INT_CONVERSION = YES;
				CLANG_WARN_NON_LITERAL_NULL_CONVERSION = YES;
				CLANG_WARN_OBJC_IMPLICIT_RETAIN_SELF = YES;
				CLANG_WARN_OBJC_LITERAL_CONVERSION = YES;
				CLANG_WARN_OBJC_ROOT_CLASS = YES_ERROR;
				CLANG_WARN_RANGE_LOOP_ANALYSIS = YES;
				CLANG_WARN_STRICT_PROTOTYPES = YES;
				CLANG_WARN_SUSPICIOUS_MOVE = YES;
				CLANG_WARN_UNGUARDED_AVAILABILITY = YES_AGGRESSIVE;
				CLANG_WARN_UNREACHABLE_CODE = YES;
				CLANG_WARN__DUPLICATE_METHOD_MATCH = YES;
				CODE_SIGN_IDENTITY = "iPhone Developer";
				COPY_PHASE_STRIP = NO;
				DEBUG_INFORMATION_FORMAT = "dwarf-with-dsym";
				ENABLE_NS_ASSERTIONS = NO;
				ENABLE_STRICT_OBJC_MSGSEND = YES;
				GCC_C_LANGUAGE_STANDARD = gnu11;
				GCC_NO_COMMON_BLOCKS = YES;
				GCC_WARN_64_TO_32_BIT_CONVERSION = YES;
				GCC_WARN_ABOUT_RETURN_TYPE = YES_ERROR;
				GCC_WARN_UNDECLARED_SELECTOR = YES;
				GCC_WARN_UNINITIALIZED_AUTOS = YES_AGGRESSIVE;
				GCC_WARN_UNUSED_FUNCTION = YES;
				GCC_WARN_UNUSED_VARIABLE = YES;
				GENERATE_TEXT_BASED_STUBS = YES;
				INLINE_PRIVATE_FRAMEWORKS = YES;
				IPHONEOS_DEPLOYMENT_TARGET = 12.2;
				MTL_ENABLE_DEBUG_INFO = NO;
				MTL_FAST_MATH = YES;
				SDKROOT = iphoneos;
				SWIFT_COMPILATION_MODE = wholemodule;
				SWIFT_OPTIMIZATION_LEVEL = "-O";
				VALIDATE_PRODUCT = YES;
			};
			name = Release;
		};
		E0A28A3822C905DF00E1A250 /* Debug */ = {
			isa = XCBuildConfiguration;
			baseConfigurationReference = 0723496F820C2719BDE4108D /* Pods-Notes.debug.xcconfig */;
			buildSettings = {
				ASSETCATALOG_COMPILER_APPICON_NAME = AppIcon;
				CODE_SIGN_IDENTITY = "iPhone Developer";
				CODE_SIGN_STYLE = Automatic;
				DEVELOPMENT_TEAM = 937CFWU8SC;
				INFOPLIST_FILE = Notes/Info.plist;
				LD_RUNPATH_SEARCH_PATHS = (
					"$(inherited)",
					"@executable_path/Frameworks",
				);
				PRODUCT_BUNDLE_IDENTIFIER = ru.bagrusss.Notes;
				PRODUCT_NAME = "$(TARGET_NAME)";
				PROVISIONING_PROFILE_SPECIFIER = "";
				SWIFT_VERSION = 5.0;
				TARGETED_DEVICE_FAMILY = 1;
			};
			name = Debug;
		};
		E0A28A3922C905DF00E1A250 /* Release */ = {
			isa = XCBuildConfiguration;
			baseConfigurationReference = F2F2791C6A545A92AD64102C /* Pods-Notes.release.xcconfig */;
			buildSettings = {
				ASSETCATALOG_COMPILER_APPICON_NAME = AppIcon;
				CODE_SIGN_IDENTITY = "iPhone Developer";
				CODE_SIGN_STYLE = Automatic;
				DEVELOPMENT_TEAM = 937CFWU8SC;
				INFOPLIST_FILE = Notes/Info.plist;
				LD_RUNPATH_SEARCH_PATHS = (
					"$(inherited)",
					"@executable_path/Frameworks",
				);
				PRODUCT_BUNDLE_IDENTIFIER = ru.bagrusss.Notes;
				PRODUCT_NAME = "$(TARGET_NAME)";
				PROVISIONING_PROFILE_SPECIFIER = "";
				SWIFT_VERSION = 5.0;
				TARGETED_DEVICE_FAMILY = 1;
			};
			name = Release;
		};
		E0A28A3B22C905DF00E1A250 /* Debug */ = {
			isa = XCBuildConfiguration;
			baseConfigurationReference = BFB8AD5501F854FDEB80D86C /* Pods-NotesTests.debug.xcconfig */;
			buildSettings = {
				ALWAYS_EMBED_SWIFT_STANDARD_LIBRARIES = YES;
				BUNDLE_LOADER = "$(TEST_HOST)";
				CODE_SIGN_STYLE = Automatic;
				INFOPLIST_FILE = NotesTests/Info.plist;
				LD_RUNPATH_SEARCH_PATHS = (
					"$(inherited)",
					"@executable_path/Frameworks",
					"@loader_path/Frameworks",
				);
				PRODUCT_BUNDLE_IDENTIFIER = ru.bagrusss.NotesTests;
				PRODUCT_NAME = "$(TARGET_NAME)";
				SWIFT_VERSION = 5.0;
				TARGETED_DEVICE_FAMILY = "1,2";
				TEST_HOST = "$(BUILT_PRODUCTS_DIR)/Notes.app/Notes";
			};
			name = Debug;
		};
		E0A28A3C22C905DF00E1A250 /* Release */ = {
			isa = XCBuildConfiguration;
			baseConfigurationReference = 4967BDF7D071D4446EDA0FA8 /* Pods-NotesTests.release.xcconfig */;
			buildSettings = {
				ALWAYS_EMBED_SWIFT_STANDARD_LIBRARIES = YES;
				BUNDLE_LOADER = "$(TEST_HOST)";
				CODE_SIGN_STYLE = Automatic;
				INFOPLIST_FILE = NotesTests/Info.plist;
				LD_RUNPATH_SEARCH_PATHS = (
					"$(inherited)",
					"@executable_path/Frameworks",
					"@loader_path/Frameworks",
				);
				PRODUCT_BUNDLE_IDENTIFIER = ru.bagrusss.NotesTests;
				PRODUCT_NAME = "$(TARGET_NAME)";
				SWIFT_VERSION = 5.0;
				TARGETED_DEVICE_FAMILY = "1,2";
				TEST_HOST = "$(BUILT_PRODUCTS_DIR)/Notes.app/Notes";
			};
			name = Release;
		};
		E0A28A3E22C905DF00E1A250 /* Debug */ = {
			isa = XCBuildConfiguration;
			baseConfigurationReference = 6B6D0B6539324EAA8DE1D1CE /* Pods-NotesUITests.debug.xcconfig */;
			buildSettings = {
				ALWAYS_EMBED_SWIFT_STANDARD_LIBRARIES = YES;
				CODE_SIGN_STYLE = Automatic;
				INFOPLIST_FILE = NotesUITests/Info.plist;
				LD_RUNPATH_SEARCH_PATHS = (
					"$(inherited)",
					"@executable_path/Frameworks",
					"@loader_path/Frameworks",
				);
				PRODUCT_BUNDLE_IDENTIFIER = ru.bagrusss.NotesUITests;
				PRODUCT_NAME = "$(TARGET_NAME)";
				SWIFT_VERSION = 5.0;
				TARGETED_DEVICE_FAMILY = "1,2";
				TEST_TARGET_NAME = Notes;
			};
			name = Debug;
		};
		E0A28A3F22C905DF00E1A250 /* Release */ = {
			isa = XCBuildConfiguration;
			baseConfigurationReference = 8015437D89F9653B02DD8A99 /* Pods-NotesUITests.release.xcconfig */;
			buildSettings = {
				ALWAYS_EMBED_SWIFT_STANDARD_LIBRARIES = YES;
				CODE_SIGN_STYLE = Automatic;
				INFOPLIST_FILE = NotesUITests/Info.plist;
				LD_RUNPATH_SEARCH_PATHS = (
					"$(inherited)",
					"@executable_path/Frameworks",
					"@loader_path/Frameworks",
				);
				PRODUCT_BUNDLE_IDENTIFIER = ru.bagrusss.NotesUITests;
				PRODUCT_NAME = "$(TARGET_NAME)";
				SWIFT_VERSION = 5.0;
				TARGETED_DEVICE_FAMILY = "1,2";
				TEST_TARGET_NAME = Notes;
			};
			name = Release;
		};
/* End XCBuildConfiguration section */

/* Begin XCConfigurationList section */
		E0A28A0A22C905DD00E1A250 /* Build configuration list for PBXProject "Notes" */ = {
			isa = XCConfigurationList;
			buildConfigurations = (
				E0A28A3522C905DF00E1A250 /* Debug */,
				E0A28A3622C905DF00E1A250 /* Release */,
				E0476B7B22D2851A005192A0 /* QA */,
			);
			defaultConfigurationIsVisible = 0;
			defaultConfigurationName = Release;
		};
		E0A28A3722C905DF00E1A250 /* Build configuration list for PBXNativeTarget "Notes" */ = {
			isa = XCConfigurationList;
			buildConfigurations = (
				E0A28A3822C905DF00E1A250 /* Debug */,
				E0A28A3922C905DF00E1A250 /* Release */,
				E0476B7C22D2851A005192A0 /* QA */,
			);
			defaultConfigurationIsVisible = 0;
			defaultConfigurationName = Release;
		};
		E0A28A3A22C905DF00E1A250 /* Build configuration list for PBXNativeTarget "NotesTests" */ = {
			isa = XCConfigurationList;
			buildConfigurations = (
				E0A28A3B22C905DF00E1A250 /* Debug */,
				E0A28A3C22C905DF00E1A250 /* Release */,
				E0476B7D22D2851A005192A0 /* QA */,
			);
			defaultConfigurationIsVisible = 0;
			defaultConfigurationName = Release;
		};
		E0A28A3D22C905DF00E1A250 /* Build configuration list for PBXNativeTarget "NotesUITests" */ = {
			isa = XCConfigurationList;
			buildConfigurations = (
				E0A28A3E22C905DF00E1A250 /* Debug */,
				E0A28A3F22C905DF00E1A250 /* Release */,
				E0476B7E22D2851A005192A0 /* QA */,
			);
			defaultConfigurationIsVisible = 0;
			defaultConfigurationName = Release;
		};
/* End XCConfigurationList section */
	};
	rootObject = E0A28A0722C905DD00E1A250 /* Project object */;
}
